
Microsoft Visual Studio Solution File, Format Version 12.00
# Visual Studio 2012
Project("{FAE04EC0-301F-11D3-BF4B-00C04F79EFBC}") = "SteamController", "SteamController.csproj", "{AEDF1909-1757-4B38-A0C4-697FAEF104B6}"
EndProject
Project("{FAE04EC0-301F-11D3-BF4B-00C04F79EFBC}") = "Test", "Test\Test.csproj", "{CCBE4F31-4CA9-4DA3-BFBC-A0C43B928FA2}"
EndProject
Global
	GlobalSection(SolutionConfigurationPlatforms) = preSolution
		Debug|Any CPU = Debug|Any CPU
		Release|Any CPU = Release|Any CPU
	EndGlobalSection
	GlobalSection(ProjectConfigurationPlatforms) = postSolution
		{AEDF1909-1757-4B38-A0C4-697FAEF104B6}.Debug|Any CPU.ActiveCfg = Debug|Any CPU
		{AEDF1909-1757-4B38-A0C4-697FAEF104B6}.Debug|Any CPU.Build.0 = Debug|Any CPU
		{AEDF1909-1757-4B38-A0C4-697FAEF104B6}.Release|Any CPU.ActiveCfg = Release|Any CPU
		{AEDF1909-1757-4B38-A0C4-697FAEF104B6}.Release|Any CPU.Build.0 = Release|Any CPU
		{CCBE4F31-4CA9-4DA3-BFBC-A0C43B928FA2}.Debug|Any CPU.ActiveCfg = Debug|Any CPU
		{CCBE4F31-4CA9-4DA3-BFBC-A0C43B928FA2}.Debug|Any CPU.Build.0 = Debug|Any CPU
		{CCBE4F31-4CA9-4DA3-BFBC-A0C43B928FA2}.Release|Any CPU.ActiveCfg = Release|Any CPU
		{CCBE4F31-4CA9-4DA3-BFBC-A0C43B928FA2}.Release|Any CPU.Build.0 = Release|Any CPU
	EndGlobalSection
	GlobalSection(MonoDevelopProperties) = preSolution
		StartupItem = Test\Test.csproj
	EndGlobalSection
EndGlobal
